// !$*UTF8*$!
{
	archiveVersion = 1;
	classes = {
	};
	objectVersion = 50;
	objects = {

/* Begin PBXBuildFile section */
		91A1E7ED7BFCDD578192E40C /* Pods_GradientViewer.framework in Frameworks */ = {isa = PBXBuildFile; fileRef = 8E4B3DEE781977E73F5A9AE3 /* Pods_GradientViewer.framework */; };
		B636DB082080A26900C69C9B /* UIView extension.swift in Sources */ = {isa = PBXBuildFile; fileRef = B636DB072080A26900C69C9B /* UIView extension.swift */; };
		B65B9EB6207EA96E0045987C /* UIColor extension.swift in Sources */ = {isa = PBXBuildFile; fileRef = B65B9EB5207EA96E0045987C /* UIColor extension.swift */; };
		B69C6C782080EBD100DB5CD3 /* KeyboardHandler.swift in Sources */ = {isa = PBXBuildFile; fileRef = B69C6C772080EBD000DB5CD3 /* KeyboardHandler.swift */; };
		B69C6C7A2080EBEE00DB5CD3 /* InputViewController.swift in Sources */ = {isa = PBXBuildFile; fileRef = B69C6C792080EBEE00DB5CD3 /* InputViewController.swift */; };
		B6C277F4207DC41600A742FE /* AppDelegate.swift in Sources */ = {isa = PBXBuildFile; fileRef = B6C277F3207DC41600A742FE /* AppDelegate.swift */; };
		B6C277F6207DC41600A742FE /* GradientViewController.swift in Sources */ = {isa = PBXBuildFile; fileRef = B6C277F5207DC41600A742FE /* GradientViewController.swift */; };
		B6C277F9207DC41600A742FE /* Main.storyboard in Resources */ = {isa = PBXBuildFile; fileRef = B6C277F7207DC41600A742FE /* Main.storyboard */; };
		B6C277FB207DC41900A742FE /* Assets.xcassets in Resources */ = {isa = PBXBuildFile; fileRef = B6C277FA207DC41900A742FE /* Assets.xcassets */; };
		B6C277FE207DC41900A742FE /* LaunchScreen.storyboard in Resources */ = {isa = PBXBuildFile; fileRef = B6C277FC207DC41900A742FE /* LaunchScreen.storyboard */; };
		B6C27807207DC47800A742FE /* GradientView.swift in Sources */ = {isa = PBXBuildFile; fileRef = B6C27805207DC47700A742FE /* GradientView.swift */; };
		B6C27808207DC47800A742FE /* CAGradientLayer extension.swift in Sources */ = {isa = PBXBuildFile; fileRef = B6C27806207DC47700A742FE /* CAGradientLayer extension.swift */; };
		B6E7708B2080E75000E96942 /* UIBezierPath extension.swift in Sources */ = {isa = PBXBuildFile; fileRef = B6E7708A2080E75000E96942 /* UIBezierPath extension.swift */; };
/* End PBXBuildFile section */

/* Begin PBXFileReference section */
		8E4B3DEE781977E73F5A9AE3 /* Pods_GradientViewer.framework */ = {isa = PBXFileReference; explicitFileType = wrapper.framework; includeInIndex = 0; path = Pods_GradientViewer.framework; sourceTree = BUILT_PRODUCTS_DIR; };
		90309BC965EEED3BB905A714 /* Pods-GradientViewer.debug.xcconfig */ = {isa = PBXFileReference; includeInIndex = 1; lastKnownFileType = text.xcconfig; name = "Pods-GradientViewer.debug.xcconfig"; path = "Pods/Target Support Files/Pods-GradientViewer/Pods-GradientViewer.debug.xcconfig"; sourceTree = "<group>"; };
		B636DB072080A26900C69C9B /* UIView extension.swift */ = {isa = PBXFileReference; lastKnownFileType = sourcecode.swift; path = "UIView extension.swift"; sourceTree = "<group>"; };
		B65B9EB5207EA96E0045987C /* UIColor extension.swift */ = {isa = PBXFileReference; lastKnownFileType = sourcecode.swift; path = "UIColor extension.swift"; sourceTree = "<group>"; };
		B69C6C772080EBD000DB5CD3 /* KeyboardHandler.swift */ = {isa = PBXFileReference; fileEncoding = 4; lastKnownFileType = sourcecode.swift; path = KeyboardHandler.swift; sourceTree = "<group>"; };
		B69C6C792080EBEE00DB5CD3 /* InputViewController.swift */ = {isa = PBXFileReference; fileEncoding = 4; lastKnownFileType = sourcecode.swift; path = InputViewController.swift; sourceTree = "<group>"; };
		B6C277F0207DC41600A742FE /* GradientViewer.app */ = {isa = PBXFileReference; explicitFileType = wrapper.application; includeInIndex = 0; path = GradientViewer.app; sourceTree = BUILT_PRODUCTS_DIR; };
		B6C277F3207DC41600A742FE /* AppDelegate.swift */ = {isa = PBXFileReference; lastKnownFileType = sourcecode.swift; path = AppDelegate.swift; sourceTree = "<group>"; };
		B6C277F5207DC41600A742FE /* GradientViewController.swift */ = {isa = PBXFileReference; lastKnownFileType = sourcecode.swift; path = GradientViewController.swift; sourceTree = "<group>"; };
		B6C277F8207DC41600A742FE /* Base */ = {isa = PBXFileReference; lastKnownFileType = file.storyboard; name = Base; path = Base.lproj/Main.storyboard; sourceTree = "<group>"; };
		B6C277FA207DC41900A742FE /* Assets.xcassets */ = {isa = PBXFileReference; lastKnownFileType = folder.assetcatalog; path = Assets.xcassets; sourceTree = "<group>"; };
		B6C277FD207DC41900A742FE /* Base */ = {isa = PBXFileReference; lastKnownFileType = file.storyboard; name = Base; path = Base.lproj/LaunchScreen.storyboard; sourceTree = "<group>"; };
		B6C277FF207DC41900A742FE /* Info.plist */ = {isa = PBXFileReference; lastKnownFileType = text.plist.xml; path = Info.plist; sourceTree = "<group>"; };
		B6C27805207DC47700A742FE /* GradientView.swift */ = {isa = PBXFileReference; fileEncoding = 4; lastKnownFileType = sourcecode.swift; path = GradientView.swift; sourceTree = "<group>"; };
		B6C27806207DC47700A742FE /* CAGradientLayer extension.swift */ = {isa = PBXFileReference; fileEncoding = 4; lastKnownFileType = sourcecode.swift; path = "CAGradientLayer extension.swift"; sourceTree = "<group>"; };
		B6E7708A2080E75000E96942 /* UIBezierPath extension.swift */ = {isa = PBXFileReference; lastKnownFileType = sourcecode.swift; path = "UIBezierPath extension.swift"; sourceTree = "<group>"; };
		EBB5EF3CE0F54846B6F0983D /* Pods-GradientViewer.release.xcconfig */ = {isa = PBXFileReference; includeInIndex = 1; lastKnownFileType = text.xcconfig; name = "Pods-GradientViewer.release.xcconfig"; path = "Pods/Target Support Files/Pods-GradientViewer/Pods-GradientViewer.release.xcconfig"; sourceTree = "<group>"; };
/* End PBXFileReference section */

/* Begin PBXFrameworksBuildPhase section */
		B6C277ED207DC41600A742FE /* Frameworks */ = {
			isa = PBXFrameworksBuildPhase;
			buildActionMask = 2147483647;
			files = (
				91A1E7ED7BFCDD578192E40C /* Pods_GradientViewer.framework in Frameworks */,
			);
			runOnlyForDeploymentPostprocessing = 0;
		};
/* End PBXFrameworksBuildPhase section */

/* Begin PBXGroup section */
		4DD556C6244B873190A3FB25 /* Pods */ = {
			isa = PBXGroup;
			children = (
				90309BC965EEED3BB905A714 /* Pods-GradientViewer.debug.xcconfig */,
				EBB5EF3CE0F54846B6F0983D /* Pods-GradientViewer.release.xcconfig */,
			);
			name = Pods;
			sourceTree = "<group>";
		};
		81B71055C1EE5F3E241EEAAE /* Frameworks */ = {
			isa = PBXGroup;
			children = (
				8E4B3DEE781977E73F5A9AE3 /* Pods_GradientViewer.framework */,
			);
			name = Frameworks;
			sourceTree = "<group>";
		};
		B69C6C742080EB6900DB5CD3 /* Extensions */ = {
			isa = PBXGroup;
			children = (
				B65B9EB5207EA96E0045987C /* UIColor extension.swift */,
				B636DB072080A26900C69C9B /* UIView extension.swift */,
				B6E7708A2080E75000E96942 /* UIBezierPath extension.swift */,
			);
			path = Extensions;
			sourceTree = "<group>";
		};
		B69C6C752080EB8700DB5CD3 /* Gradients */ = {
			isa = PBXGroup;
			children = (
				B6C27806207DC47700A742FE /* CAGradientLayer extension.swift */,
				B6C27805207DC47700A742FE /* GradientView.swift */,
			);
			path = Gradients;
			sourceTree = "<group>";
		};
		B69C6C762080EBA900DB5CD3 /* Protocols */ = {
			isa = PBXGroup;
			children = (
				B69C6C772080EBD000DB5CD3 /* KeyboardHandler.swift */,
			);
			path = Protocols;
			sourceTree = "<group>";
		};
		B6C277E7207DC41600A742FE = {
			isa = PBXGroup;
			children = (
				B6C277F2207DC41600A742FE /* GradientViewer */,
				B6C277F1207DC41600A742FE /* Products */,
				4DD556C6244B873190A3FB25 /* Pods */,
				81B71055C1EE5F3E241EEAAE /* Frameworks */,
			);
			sourceTree = "<group>";
		};
		B6C277F1207DC41600A742FE /* Products */ = {
			isa = PBXGroup;
			children = (
				B6C277F0207DC41600A742FE /* GradientViewer.app */,
			);
			name = Products;
			sourceTree = "<group>";
		};
		B6C277F2207DC41600A742FE /* GradientViewer */ = {
			isa = PBXGroup;
			children = (
				B6C277F7207DC41600A742FE /* Main.storyboard */,
				B6C277F5207DC41600A742FE /* GradientViewController.swift */,
				B69C6C792080EBEE00DB5CD3 /* InputViewController.swift */,
				B69C6C752080EB8700DB5CD3 /* Gradients */,
				B69C6C762080EBA900DB5CD3 /* Protocols */,
				B69C6C742080EB6900DB5CD3 /* Extensions */,
				B6C27809207DE75F00A742FE /* Supporting files */,
			);
			path = GradientViewer;
			sourceTree = "<group>";
		};
		B6C27809207DE75F00A742FE /* Supporting files */ = {
			isa = PBXGroup;
			children = (
				B6C277F3207DC41600A742FE /* AppDelegate.swift */,
				B6C277FA207DC41900A742FE /* Assets.xcassets */,
				B6C277FC207DC41900A742FE /* LaunchScreen.storyboard */,
				B6C277FF207DC41900A742FE /* Info.plist */,
			);
			name = "Supporting files";
			sourceTree = "<group>";
		};
/* End PBXGroup section */

/* Begin PBXNativeTarget section */
		B6C277EF207DC41600A742FE /* GradientViewer */ = {
			isa = PBXNativeTarget;
			buildConfigurationList = B6C27802207DC41900A742FE /* Build configuration list for PBXNativeTarget "GradientViewer" */;
			buildPhases = (
				700EAF478640318E663E7D08 /* [CP] Check Pods Manifest.lock */,
				B6C277EC207DC41600A742FE /* Sources */,
				B6C277ED207DC41600A742FE /* Frameworks */,
				B6C277EE207DC41600A742FE /* Resources */,
				9ADA3D9DC6AAB44A93C8B157 /* [CP] Embed Pods Frameworks */,
				C9D654FECD1F501A83E514DE /* [CP] Copy Pods Resources */,
			);
			buildRules = (
			);
			dependencies = (
			);
			name = GradientViewer;
			productName = GradientViewer;
			productReference = B6C277F0207DC41600A742FE /* GradientViewer.app */;
			productType = "com.apple.product-type.application";
		};
/* End PBXNativeTarget section */

/* Begin PBXProject section */
		B6C277E8207DC41600A742FE /* Project object */ = {
			isa = PBXProject;
			attributes = {
				LastSwiftUpdateCheck = 0930;
				LastUpgradeCheck = 0930;
				ORGANIZATIONNAME = "Frédéric ADDA";
				TargetAttributes = {
					B6C277EF207DC41600A742FE = {
						CreatedOnToolsVersion = 9.3;
					};
				};
			};
			buildConfigurationList = B6C277EB207DC41600A742FE /* Build configuration list for PBXProject "GradientViewer" */;
			compatibilityVersion = "Xcode 9.3";
			developmentRegion = en;
			hasScannedForEncodings = 0;
			knownRegions = (
				en,
				Base,
			);
			mainGroup = B6C277E7207DC41600A742FE;
			productRefGroup = B6C277F1207DC41600A742FE /* Products */;
			projectDirPath = "";
			projectRoot = "";
			targets = (
				B6C277EF207DC41600A742FE /* GradientViewer */,
			);
		};
/* End PBXProject section */

/* Begin PBXResourcesBuildPhase section */
		B6C277EE207DC41600A742FE /* Resources */ = {
			isa = PBXResourcesBuildPhase;
			buildActionMask = 2147483647;
			files = (
				B6C277FE207DC41900A742FE /* LaunchScreen.storyboard in Resources */,
				B6C277FB207DC41900A742FE /* Assets.xcassets in Resources */,
				B6C277F9207DC41600A742FE /* Main.storyboard in Resources */,
			);
			runOnlyForDeploymentPostprocessing = 0;
		};
/* End PBXResourcesBuildPhase section */

/* Begin PBXShellScriptBuildPhase section */
		700EAF478640318E663E7D08 /* [CP] Check Pods Manifest.lock */ = {
			isa = PBXShellScriptBuildPhase;
			buildActionMask = 2147483647;
			files = (
			);
			inputPaths = (
				"${PODS_PODFILE_DIR_PATH}/Podfile.lock",
				"${PODS_ROOT}/Manifest.lock",
			);
			name = "[CP] Check Pods Manifest.lock";
			outputPaths = (
				"$(DERIVED_FILE_DIR)/Pods-GradientViewer-checkManifestLockResult.txt",
			);
			runOnlyForDeploymentPostprocessing = 0;
			shellPath = /bin/sh;
			shellScript = "diff \"${PODS_PODFILE_DIR_PATH}/Podfile.lock\" \"${PODS_ROOT}/Manifest.lock\" > /dev/null\nif [ $? != 0 ] ; then\n    # print error to STDERR\n    echo \"error: The sandbox is not in sync with the Podfile.lock. Run 'pod install' or update your CocoaPods installation.\" >&2\n    exit 1\nfi\n# This output is used by Xcode 'outputs' to avoid re-running this script phase.\necho \"SUCCESS\" > \"${SCRIPT_OUTPUT_FILE_0}\"\n";
			showEnvVarsInLog = 0;
		};
		9ADA3D9DC6AAB44A93C8B157 /* [CP] Embed Pods Frameworks */ = {
			isa = PBXShellScriptBuildPhase;
			buildActionMask = 2147483647;
			files = (
			);
			inputPaths = (
				"${SRCROOT}/Pods/Target Support Files/Pods-GradientViewer/Pods-GradientViewer-frameworks.sh",
				"${BUILT_PRODUCTS_DIR}/RxCocoa/RxCocoa.framework",
				"${BUILT_PRODUCTS_DIR}/RxSwift/RxSwift.framework",
				"${BUILT_PRODUCTS_DIR}/RxSwiftExt/RxSwiftExt.framework",
			);
			name = "[CP] Embed Pods Frameworks";
			outputPaths = (
				"${TARGET_BUILD_DIR}/${FRAMEWORKS_FOLDER_PATH}/RxCocoa.framework",
				"${TARGET_BUILD_DIR}/${FRAMEWORKS_FOLDER_PATH}/RxSwift.framework",
				"${TARGET_BUILD_DIR}/${FRAMEWORKS_FOLDER_PATH}/RxSwiftExt.framework",
			);
			runOnlyForDeploymentPostprocessing = 0;
			shellPath = /bin/sh;
			shellScript = "\"${SRCROOT}/Pods/Target Support Files/Pods-GradientViewer/Pods-GradientViewer-frameworks.sh\"\n";
			showEnvVarsInLog = 0;
		};
		C9D654FECD1F501A83E514DE /* [CP] Copy Pods Resources */ = {
			isa = PBXShellScriptBuildPhase;
			buildActionMask = 2147483647;
			files = (
			);
			inputPaths = (
			);
			name = "[CP] Copy Pods Resources";
			outputPaths = (
			);
			runOnlyForDeploymentPostprocessing = 0;
			shellPath = /bin/sh;
			shellScript = "\"${SRCROOT}/Pods/Target Support Files/Pods-GradientViewer/Pods-GradientViewer-resources.sh\"\n";
			showEnvVarsInLog = 0;
		};
/* End PBXShellScriptBuildPhase section */

/* Begin PBXSourcesBuildPhase section */
		B6C277EC207DC41600A742FE /* Sources */ = {
			isa = PBXSourcesBuildPhase;
			buildActionMask = 2147483647;
			files = (
				B69C6C7A2080EBEE00DB5CD3 /* InputViewController.swift in Sources */,
				B65B9EB6207EA96E0045987C /* UIColor extension.swift in Sources */,
				B6C277F6207DC41600A742FE /* GradientViewController.swift in Sources */,
				B6C277F4207DC41600A742FE /* AppDelegate.swift in Sources */,
				B636DB082080A26900C69C9B /* UIView extension.swift in Sources */,
				B6C27808207DC47800A742FE /* CAGradientLayer extension.swift in Sources */,
				B6C27807207DC47800A742FE /* GradientView.swift in Sources */,
				B6E7708B2080E75000E96942 /* UIBezierPath extension.swift in Sources */,
				B69C6C782080EBD100DB5CD3 /* KeyboardHandler.swift in Sources */,
			);
			runOnlyForDeploymentPostprocessing = 0;
		};
/* End PBXSourcesBuildPhase section */

/* Begin PBXVariantGroup section */
		B6C277F7207DC41600A742FE /* Main.storyboard */ = {
			isa = PBXVariantGroup;
			children = (
				B6C277F8207DC41600A742FE /* Base */,
			);
			name = Main.storyboard;
			sourceTree = "<group>";
		};
		B6C277FC207DC41900A742FE /* LaunchScreen.storyboard */ = {
			isa = PBXVariantGroup;
			children = (
				B6C277FD207DC41900A742FE /* Base */,
			);
			name = LaunchScreen.storyboard;
			sourceTree = "<group>";
		};
/* End PBXVariantGroup section */

/* Begin XCBuildConfiguration section */
		B6C27800207DC41900A742FE /* Debug */ = {
			isa = XCBuildConfiguration;
			buildSettings = {
				ALWAYS_SEARCH_USER_PATHS = NO;
				CLANG_ANALYZER_NONNULL = YES;
				CLANG_ANALYZER_NUMBER_OBJECT_CONVERSION = YES_AGGRESSIVE;
				CLANG_CXX_LANGUAGE_STANDARD = "gnu++14";
				CLANG_CXX_LIBRARY = "libc++";
				CLANG_ENABLE_MODULES = YES;
				CLANG_ENABLE_OBJC_ARC = YES;
				CLANG_ENABLE_OBJC_WEAK = YES;
				CLANG_WARN_BLOCK_CAPTURE_AUTORELEASING = YES;
				CLANG_WARN_BOOL_CONVERSION = YES;
				CLANG_WARN_COMMA = YES;
				CLANG_WARN_CONSTANT_CONVERSION = YES;
				CLANG_WARN_DEPRECATED_OBJC_IMPLEMENTATIONS = YES;
				CLANG_WARN_DIRECT_OBJC_ISA_USAGE = YES_ERROR;
				CLANG_WARN_DOCUMENTATION_COMMENTS = YES;
				CLANG_WARN_EMPTY_BODY = YES;
				CLANG_WARN_ENUM_CONVERSION = YES;
				CLANG_WARN_INFINITE_RECURSION = YES;
				CLANG_WARN_INT_CONVERSION = YES;
				CLANG_WARN_NON_LITERAL_NULL_CONVERSION = YES;
				CLANG_WARN_OBJC_IMPLICIT_RETAIN_SELF = YES;
				CLANG_WARN_OBJC_LITERAL_CONVERSION = YES;
				CLANG_WARN_OBJC_ROOT_CLASS = YES_ERROR;
				CLANG_WARN_RANGE_LOOP_ANALYSIS = YES;
				CLANG_WARN_STRICT_PROTOTYPES = YES;
				CLANG_WARN_SUSPICIOUS_MOVE = YES;
				CLANG_WARN_UNGUARDED_AVAILABILITY = YES_AGGRESSIVE;
				CLANG_WARN_UNREACHABLE_CODE = YES;
				CLANG_WARN__DUPLICATE_METHOD_MATCH = YES;
				CODE_SIGN_IDENTITY = "iPhone Developer";
				COPY_PHASE_STRIP = NO;
				DEBUG_INFORMATION_FORMAT = dwarf;
				ENABLE_STRICT_OBJC_MSGSEND = YES;
				ENABLE_TESTABILITY = YES;
				GCC_C_LANGUAGE_STANDARD = gnu11;
				GCC_DYNAMIC_NO_PIC = NO;
				GCC_NO_COMMON_BLOCKS = YES;
				GCC_OPTIMIZATION_LEVEL = 0;
				GCC_PREPROCESSOR_DEFINITIONS = (
					"DEBUG=1",
					"$(inherited)",
				);
				GCC_WARN_64_TO_32_BIT_CONVERSION = YES;
				GCC_WARN_ABOUT_RETURN_TYPE = YES_ERROR;
				GCC_WARN_UNDECLARED_SELECTOR = YES;
				GCC_WARN_UNINITIALIZED_AUTOS = YES_AGGRESSIVE;
				GCC_WARN_UNUSED_FUNCTION = YES;
				GCC_WARN_UNUSED_VARIABLE = YES;
				IPHONEOS_DEPLOYMENT_TARGET = 11.3;
				MTL_ENABLE_DEBUG_INFO = YES;
				ONLY_ACTIVE_ARCH = YES;
				SDKROOT = iphoneos;
				SWIFT_ACTIVE_COMPILATION_CONDITIONS = DEBUG;
				SWIFT_OPTIMIZATION_LEVEL = "-Onone";
			};
			name = Debug;
		};
		B6C27801207DC41900A742FE /* Release */ = {
			isa = XCBuildConfiguration;
			buildSettings = {
				ALWAYS_SEARCH_USER_PATHS = NO;
				CLANG_ANALYZER_NONNULL = YES;
				CLANG_ANALYZER_NUMBER_OBJECT_CONVERSION = YES_AGGRESSIVE;
				CLANG_CXX_LANGUAGE_STANDARD = "gnu++14";
				CLANG_CXX_LIBRARY = "libc++";
				CLANG_ENABLE_MODULES = YES;
				CLANG_ENABLE_OBJC_ARC = YES;
				CLANG_ENABLE_OBJC_WEAK = YES;
				CLANG_WARN_BLOCK_CAPTURE_AUTORELEASING = YES;
				CLANG_WARN_BOOL_CONVERSION = YES;
				CLANG_WARN_COMMA = YES;
				CLANG_WARN_CONSTANT_CONVERSION = YES;
				CLANG_WARN_DEPRECATED_OBJC_IMPLEMENTATIONS = YES;
				CLANG_WARN_DIRECT_OBJC_ISA_USAGE = YES_ERROR;
				CLANG_WARN_DOCUMENTATION_COMMENTS = YES;
				CLANG_WARN_EMPTY_BODY = YES;
				CLANG_WARN_ENUM_CONVERSION = YES;
				CLANG_WARN_INFINITE_RECURSION = YES;
				CLANG_WARN_INT_CONVERSION = YES;
				CLANG_WARN_NON_LITERAL_NULL_CONVERSION = YES;
				CLANG_WARN_OBJC_IMPLICIT_RETAIN_SELF = YES;
				CLANG_WARN_OBJC_LITERAL_CONVERSION = YES;
				CLANG_WARN_OBJC_ROOT_CLASS = YES_ERROR;
				CLANG_WARN_RANGE_LOOP_ANALYSIS = YES;
				CLANG_WARN_STRICT_PROTOTYPES = YES;
				CLANG_WARN_SUSPICIOUS_MOVE = YES;
				CLANG_WARN_UNGUARDED_AVAILABILITY = YES_AGGRESSIVE;
				CLANG_WARN_UNREACHABLE_CODE = YES;
				CLANG_WARN__DUPLICATE_METHOD_MATCH = YES;
				CODE_SIGN_IDENTITY = "iPhone Developer";
				COPY_PHASE_STRIP = NO;
				DEBUG_INFORMATION_FORMAT = "dwarf-with-dsym";
				ENABLE_NS_ASSERTIONS = NO;
				ENABLE_STRICT_OBJC_MSGSEND = YES;
				GCC_C_LANGUAGE_STANDARD = gnu11;
				GCC_NO_COMMON_BLOCKS = YES;
				GCC_WARN_64_TO_32_BIT_CONVERSION = YES;
				GCC_WARN_ABOUT_RETURN_TYPE = YES_ERROR;
				GCC_WARN_UNDECLARED_SELECTOR = YES;
				GCC_WARN_UNINITIALIZED_AUTOS = YES_AGGRESSIVE;
				GCC_WARN_UNUSED_FUNCTION = YES;
				GCC_WARN_UNUSED_VARIABLE = YES;
				IPHONEOS_DEPLOYMENT_TARGET = 11.3;
				MTL_ENABLE_DEBUG_INFO = NO;
				SDKROOT = iphoneos;
				SWIFT_COMPILATION_MODE = wholemodule;
				SWIFT_OPTIMIZATION_LEVEL = "-O";
				VALIDATE_PRODUCT = YES;
			};
			name = Release;
		};
		B6C27803207DC41900A742FE /* Debug */ = {
			isa = XCBuildConfiguration;
			baseConfigurationReference = 90309BC965EEED3BB905A714 /* Pods-GradientViewer.debug.xcconfig */;
			buildSettings = {
				ASSETCATALOG_COMPILER_APPICON_NAME = AppIcon;
				CODE_SIGN_STYLE = Automatic;
				DEVELOPMENT_TEAM = K99V93H2NC;
				INFOPLIST_FILE = GradientViewer/Info.plist;
				LD_RUNPATH_SEARCH_PATHS = (
					"$(inherited)",
					"@executable_path/Frameworks",
				);
				PRODUCT_BUNDLE_IDENTIFIER = fr.novaera.GradientViewer;
				PRODUCT_NAME = "$(TARGET_NAME)";
				SWIFT_VERSION = 4.0;
				TARGETED_DEVICE_FAMILY = "1,2";
			};
			name = Debug;
		};
		B6C27804207DC41900A742FE /* Release */ = {
			isa = XCBuildConfiguration;
			baseConfigurationReference = EBB5EF3CE0F54846B6F0983D /* Pods-GradientViewer.release.xcconfig */;
			buildSettings = {
				ASSETCATALOG_COMPILER_APPICON_NAME = AppIcon;
				CODE_SIGN_STYLE = Automatic;
				DEVELOPMENT_TEAM = K99V93H2NC;
				INFOPLIST_FILE = GradientViewer/Info.plist;
				LD_RUNPATH_SEARCH_PATHS = (
					"$(inherited)",
					"@executable_path/Frameworks",
				);
				PRODUCT_BUNDLE_IDENTIFIER = fr.novaera.GradientViewer;
				PRODUCT_NAME = "$(TARGET_NAME)";
				SWIFT_VERSION = 4.0;
				TARGETED_DEVICE_FAMILY = "1,2";
			};
			name = Release;
		};
/* End XCBuildConfiguration section */

/* Begin XCConfigurationList section */
		B6C277EB207DC41600A742FE /* Build configuration list for PBXProject "GradientViewer" */ = {
			isa = XCConfigurationList;
			buildConfigurations = (
				B6C27800207DC41900A742FE /* Debug */,
				B6C27801207DC41900A742FE /* Release */,
			);
			defaultConfigurationIsVisible = 0;
			defaultConfigurationName = Release;
		};
		B6C27802207DC41900A742FE /* Build configuration list for PBXNativeTarget "GradientViewer" */ = {
			isa = XCConfigurationList;
			buildConfigurations = (
				B6C27803207DC41900A742FE /* Debug */,
				B6C27804207DC41900A742FE /* Release */,
			);
			defaultConfigurationIsVisible = 0;
			defaultConfigurationName = Release;
		};
/* End XCConfigurationList section */
	};
	rootObject = B6C277E8207DC41600A742FE /* Project object */;
}
